
Microsoft Visual Studio Solution File, Format Version 12.00
# Visual Studio Version 17
VisualStudioVersion = 17.14.36518.9 d17.14
MinimumVisualStudioVersion = 10.0.40219.1
Project("{FAE04EC0-301F-11D3-BF4B-00C04F79EFBC}") = "LoginPage", "LoginPage\LoginPage.csproj", "{637026B6-70FE-44A8-B612-7FAC96B9CF4D}"
EndProject
Global
	GlobalSection(SolutionConfigurationPlatforms) = preSolution
		Debug|Any CPU = Debug|Any CPU
		Release|Any CPU = Release|Any CPU
	EndGlobalSection
	GlobalSection(ProjectConfigurationPlatforms) = postSolution
		{637026B6-70FE-44A8-B612-7FAC96B9CF4D}.Debug|Any CPU.ActiveCfg = Debug|Any CPU
		{637026B6-70FE-44A8-B612-7FAC96B9CF4D}.Debug|Any CPU.Build.0 = Debug|Any CPU
		{637026B6-70FE-44A8-B612-7FAC96B9CF4D}.Release|Any CPU.ActiveCfg = Release|Any CPU
		{637026B6-70FE-44A8-B612-7FAC96B9CF4D}.Release|Any CPU.Build.0 = Release|Any CPU
	EndGlobalSection
	GlobalSection(SolutionProperties) = preSolution
		HideSolutionNode = FALSE
	EndGlobalSection
	GlobalSection(ExtensibilityGlobals) = postSolution
		SolutionGuid = {4E377C9C-806E-4C72-A978-84317831113A}
	EndGlobalSection
EndGlobal
